
Microsoft Visual Studio Solution File, Format Version 12.00
# Visual Studio Version 16
VisualStudioVersion = 16.0.30204.135
MinimumVisualStudioVersion = 10.0.40219.1
Project("{FAE04EC0-301F-11D3-BF4B-00C04F79EFBC}") = "BrightnessControll", "BrightnessControll.csproj", "{E5333187-EA39-48E9-8C5D-797375B18992}"
	ProjectSection(ProjectDependencies) = postProject
		{53941109-74F3-4CC0-A1EA-CE31485A7426} = {53941109-74F3-4CC0-A1EA-CE31485A7426}
	EndProjectSection
EndProject
Project("{FAE04EC0-301F-11D3-BF4B-00C04F79EFBC}") = "BrightnessLibrary", "BrightnessLibrary\BrightnessLibrary.csproj", "{53941109-74F3-4CC0-A1EA-CE31485A7426}"
EndProject
Project("{FAE04EC0-301F-11D3-BF4B-00C04F79EFBC}") = "WinApp", "WinApp\WinApp.csproj", "{8E698EB7-60AE-4509-901A-58583D8F8251}"
EndProject
Global
	GlobalSection(SolutionConfigurationPlatforms) = preSolution
		Debug|Any CPU = Debug|Any CPU
		Release|Any CPU = Release|Any CPU
	EndGlobalSection
	GlobalSection(ProjectConfigurationPlatforms) = postSolution
		{E5333187-EA39-48E9-8C5D-797375B18992}.Debug|Any CPU.ActiveCfg = Debug|Any CPU
		{E5333187-EA39-48E9-8C5D-797375B18992}.Debug|Any CPU.Build.0 = Debug|Any CPU
		{E5333187-EA39-48E9-8C5D-797375B18992}.Release|Any CPU.ActiveCfg = Release|Any CPU
		{E5333187-EA39-48E9-8C5D-797375B18992}.Release|Any CPU.Build.0 = Release|Any CPU
		{53941109-74F3-4CC0-A1EA-CE31485A7426}.Debug|Any CPU.ActiveCfg = Debug|Any CPU
		{53941109-74F3-4CC0-A1EA-CE31485A7426}.Debug|Any CPU.Build.0 = Debug|Any CPU
		{53941109-74F3-4CC0-A1EA-CE31485A7426}.Release|Any CPU.ActiveCfg = Release|Any CPU
		{53941109-74F3-4CC0-A1EA-CE31485A7426}.Release|Any CPU.Build.0 = Release|Any CPU
		{8E698EB7-60AE-4509-901A-58583D8F8251}.Debug|Any CPU.ActiveCfg = Debug|Any CPU
		{8E698EB7-60AE-4509-901A-58583D8F8251}.Debug|Any CPU.Build.0 = Debug|Any CPU
		{8E698EB7-60AE-4509-901A-58583D8F8251}.Release|Any CPU.ActiveCfg = Release|Any CPU
		{8E698EB7-60AE-4509-901A-58583D8F8251}.Release|Any CPU.Build.0 = Release|Any CPU
	EndGlobalSection
	GlobalSection(SolutionProperties) = preSolution
		HideSolutionNode = FALSE
	EndGlobalSection
	GlobalSection(ExtensibilityGlobals) = postSolution
		SolutionGuid = {F8FA769E-6257-4A50-9BBD-B24F05BF8E93}
	EndGlobalSection
EndGlobal
